
Microsoft Visual Studio Solution File, Format Version 12.00
# Visual Studio Version 17
VisualStudioVersion = 17.3.32819.101
MinimumVisualStudioVersion = 10.0.40219.1
Project("{FAE04EC0-301F-11D3-BF4B-00C04F79EFBC}") = "meraki-API", "meraki-API\meraki-API.csproj", "{5CE90274-0A55-4B4E-B5FF-B4BD4AA206EA}"
EndProject
Global
	GlobalSection(SolutionConfigurationPlatforms) = preSolution
		Debug|Any CPU = Debug|Any CPU
		Release|Any CPU = Release|Any CPU
	EndGlobalSection
	GlobalSection(ProjectConfigurationPlatforms) = postSolution
		{5CE90274-0A55-4B4E-B5FF-B4BD4AA206EA}.Debug|Any CPU.ActiveCfg = Debug|Any CPU
		{5CE90274-0A55-4B4E-B5FF-B4BD4AA206EA}.Debug|Any CPU.Build.0 = Debug|Any CPU
		{5CE90274-0A55-4B4E-B5FF-B4BD4AA206EA}.Release|Any CPU.ActiveCfg = Release|Any CPU
		{5CE90274-0A55-4B4E-B5FF-B4BD4AA206EA}.Release|Any CPU.Build.0 = Release|Any CPU
	EndGlobalSection
	GlobalSection(SolutionProperties) = preSolution
		HideSolutionNode = FALSE
	EndGlobalSection
	GlobalSection(ExtensibilityGlobals) = postSolution
		SolutionGuid = {46587726-67FE-47B4-A1D6-3B0897EE5001}
	EndGlobalSection
EndGlobal
