
Microsoft Visual Studio Solution File, Format Version 12.00
# Visual Studio Version 17
VisualStudioVersion = 17.3.32819.101
MinimumVisualStudioVersion = 10.0.40219.1
Project("{FAE04EC0-301F-11D3-BF4B-00C04F79EFBC}") = "helloWorld", "helloWorld\helloWorld.csproj", "{D2B26ECB-C111-4A99-B53E-499938565862}"
EndProject
Global
	GlobalSection(SolutionConfigurationPlatforms) = preSolution
		Debug|Any CPU = Debug|Any CPU
		Release|Any CPU = Release|Any CPU
	EndGlobalSection
	GlobalSection(ProjectConfigurationPlatforms) = postSolution
		{D2B26ECB-C111-4A99-B53E-499938565862}.Debug|Any CPU.ActiveCfg = Debug|Any CPU
		{D2B26ECB-C111-4A99-B53E-499938565862}.Debug|Any CPU.Build.0 = Debug|Any CPU
		{D2B26ECB-C111-4A99-B53E-499938565862}.Release|Any CPU.ActiveCfg = Release|Any CPU
		{D2B26ECB-C111-4A99-B53E-499938565862}.Release|Any CPU.Build.0 = Release|Any CPU
	EndGlobalSection
	GlobalSection(SolutionProperties) = preSolution
		HideSolutionNode = FALSE
	EndGlobalSection
	GlobalSection(ExtensibilityGlobals) = postSolution
		SolutionGuid = {B8EA535B-6192-4EA0-912B-FBFC6F3C31B6}
	EndGlobalSection
EndGlobal
