
Microsoft Visual Studio Solution File, Format Version 12.00
# Visual Studio Version 17
VisualStudioVersion = 17.3.32819.101
MinimumVisualStudioVersion = 10.0.40219.1
Project("{FAE04EC0-301F-11D3-BF4B-00C04F79EFBC}") = "Sallary_Slip", "Sallary_Slip\Sallary_Slip.csproj", "{7E9C7CB3-1AE4-428F-9945-DA7CA58E16CA}"
EndProject
Global
	GlobalSection(SolutionConfigurationPlatforms) = preSolution
		Debug|Any CPU = Debug|Any CPU
		Release|Any CPU = Release|Any CPU
	EndGlobalSection
	GlobalSection(ProjectConfigurationPlatforms) = postSolution
		{7E9C7CB3-1AE4-428F-9945-DA7CA58E16CA}.Debug|Any CPU.ActiveCfg = Debug|Any CPU
		{7E9C7CB3-1AE4-428F-9945-DA7CA58E16CA}.Debug|Any CPU.Build.0 = Debug|Any CPU
		{7E9C7CB3-1AE4-428F-9945-DA7CA58E16CA}.Release|Any CPU.ActiveCfg = Release|Any CPU
		{7E9C7CB3-1AE4-428F-9945-DA7CA58E16CA}.Release|Any CPU.Build.0 = Release|Any CPU
	EndGlobalSection
	GlobalSection(SolutionProperties) = preSolution
		HideSolutionNode = FALSE
	EndGlobalSection
	GlobalSection(ExtensibilityGlobals) = postSolution
		SolutionGuid = {33CE296A-5E31-46B4-A505-7EFD2AE48F88}
	EndGlobalSection
EndGlobal
